
Microsoft Visual Studio Solution File, Format Version 12.00
# Visual Studio 15
VisualStudioVersion = 15.0.28307.1758
MinimumVisualStudioVersion = 10.0.40219.1
Project("{FAE04EC0-301F-11D3-BF4B-00C04F79EFBC}") = "crudApp", "crudApp\crudApp.csproj", "{613E1A55-0DD6-4FD8-A475-75ECED32B74D}"
EndProject
Global
	GlobalSection(SolutionConfigurationPlatforms) = preSolution
		Debug|Any CPU = Debug|Any CPU
		Release|Any CPU = Release|Any CPU
	EndGlobalSection
	GlobalSection(ProjectConfigurationPlatforms) = postSolution
		{613E1A55-0DD6-4FD8-A475-75ECED32B74D}.Debug|Any CPU.ActiveCfg = Debug|Any CPU
		{613E1A55-0DD6-4FD8-A475-75ECED32B74D}.Debug|Any CPU.Build.0 = Debug|Any CPU
		{613E1A55-0DD6-4FD8-A475-75ECED32B74D}.Release|Any CPU.ActiveCfg = Release|Any CPU
		{613E1A55-0DD6-4FD8-A475-75ECED32B74D}.Release|Any CPU.Build.0 = Release|Any CPU
	EndGlobalSection
	GlobalSection(SolutionProperties) = preSolution
		HideSolutionNode = FALSE
	EndGlobalSection
	GlobalSection(ExtensibilityGlobals) = postSolution
		SolutionGuid = {422908D6-DAAA-4825-BE3D-7436AF311BD3}
	EndGlobalSection
EndGlobal
